{
  "name": "@kyllikki/openapi",
  "version": "0.3.2",
  "lockfileVersion": 1,
  "requires": true,
  "dependencies": {
    "@aws/dynamodb-auto-marshaller": {
      "version": "0.7.1",
      "resolved": "https://registry.npmjs.org/@aws/dynamodb-auto-marshaller/-/dynamodb-auto-marshaller-0.7.1.tgz",
      "integrity": "sha512-LeURlf6/avrfFo9+4Yht9J3CUTJ72yoBpm1FOUmlexuHNW4Ka61tG30w3ZDCXXXmCO2rG0k3ywAgNJEo3WPbyw==",
      "requires": {
        "tslib": "^1.8.1"
      }
    },
    "@aws/dynamodb-batch-iterator": {
      "version": "0.7.1",
      "resolved": "https://registry.npmjs.org/@aws/dynamodb-batch-iterator/-/dynamodb-batch-iterator-0.7.1.tgz",
      "integrity": "sha512-SdwBFnjN+ncIl+MOogTeEh1/C6O0jAcqD5YA3AujcH5JPWiMescKAefO4VQbgR0Q9ohcYcMnwL3q6mCdUpyJ9w==",
      "requires": {
        "tslib": "^1.8.1",
        "utf8-bytes": "^0.0.1"
      }
    },
    "@aws/dynamodb-data-mapper": {
      "version": "0.7.3",
      "resolved": "https://registry.npmjs.org/@aws/dynamodb-data-mapper/-/dynamodb-data-mapper-0.7.3.tgz",
      "integrity": "sha512-2DYHoF2jvO7L2TfwfJoTfdJz0M6qSVJ0wM0zQ97ehrTyVSz/yWDO3GqMA9jsUqf0fZl3CIItHBhiXdddsH5cpA==",
      "requires": {
        "@aws/dynamodb-auto-marshaller": "^0.7.1",
        "@aws/dynamodb-batch-iterator": "^0.7.1",
        "@aws/dynamodb-data-marshaller": "^0.7.3",
        "@aws/dynamodb-expressions": "^0.7.3",
        "@aws/dynamodb-query-iterator": "^0.7.1",
        "tslib": "^1.8.1"
      }
    },
    "@aws/dynamodb-data-marshaller": {
      "version": "0.7.3",
      "resolved": "https://registry.npmjs.org/@aws/dynamodb-data-marshaller/-/dynamodb-data-marshaller-0.7.3.tgz",
      "integrity": "sha512-ea9PR19J2uY7lNSUo2bEcbfI8GiD0n66dISoBHZFrHjgCO2ao2P6UlyG/k0EMhr2zNzTWYNd08VYgTSYz5GBAA==",
      "requires": {
        "@aws/dynamodb-auto-marshaller": "^0.7.1",
        "@aws/dynamodb-expressions": "^0.7.3",
        "tslib": "^1.8.1",
        "utf8-bytes": "^0.0.1"
      }
    },
    "@aws/dynamodb-expressions": {
      "version": "0.7.3",
      "resolved": "https://registry.npmjs.org/@aws/dynamodb-expressions/-/dynamodb-expressions-0.7.3.tgz",
      "integrity": "sha512-63vaCyNKmO8BE/JWlQ3DSFG+qCAWgO5MGif31E5CPdWKaBt5yBG5qnh5w5oFelKRK6/1M6cYKl/Yui08wimUig==",
      "requires": {
        "@aws/dynamodb-auto-marshaller": "^0.7.1",
        "tslib": "^1.8.1"
      }
    },
    "@aws/dynamodb-query-iterator": {
      "version": "0.7.1",
      "resolved": "https://registry.npmjs.org/@aws/dynamodb-query-iterator/-/dynamodb-query-iterator-0.7.1.tgz",
      "integrity": "sha512-x28lcgj2HDadxszYEwQjAJyGMrdy3aznLM2TSEeQxqCxKzFT1qewmKxgWSMslH+CiLuuqs9H1FaIwvP15b6UHQ==",
      "requires": {
        "tslib": "^1.8.1"
      }
    },
    "@kyllikki/core": {
      "version": "0.3.2",
      "resolved": "https://registry.npmjs.org/@kyllikki/core/-/core-0.3.2.tgz",
      "integrity": "sha512-yJO6wOCnTTHIVORz98PSEEZKUwFuJanoO0N0n3AHZZjzNxkqWBxU7C4rYFet1z7/bIuZJz2gRV9Rb0dOdgH8Yw==",
      "requires": {
        "@types/aws-lambda": "^8.10.16",
        "@types/joi": "^14.0.1",
        "@types/json-schema": "^7.0.1",
        "joi": "^14.3.0"
      }
    },
    "@types/aws-lambda": {
      "version": "8.10.16",
      "resolved": "https://registry.npmjs.org/@types/aws-lambda/-/aws-lambda-8.10.16.tgz",
      "integrity": "sha512-J+AWKl3EWzQLqzMQvR6t8hruzWDmhgPpBybf4ZW2yS7e0YHVmnn9FUm4B7oitpeBnJweUTR9BUyh5a7Fnyaivw=="
    },
    "@types/joi": {
      "version": "14.3.4",
      "resolved": "https://registry.npmjs.org/@types/joi/-/joi-14.3.4.tgz",
      "integrity": "sha512-1TQNDJvIKlgYXGNIABfgFp9y0FziDpuGrd799Q5RcnsDu+krD+eeW/0Fs5PHARvWWFelOhIG2OPCo6KbadBM4A=="
    },
    "@types/json-schema": {
      "version": "7.0.1",
      "resolved": "https://registry.npmjs.org/@types/json-schema/-/json-schema-7.0.1.tgz",
      "integrity": "sha512-NVQEMviDWjuen3UW+mU1J6fZ0WhOfG1yRce/2OTcbaz+fgmTw2cahx6N2wh0Yl+a+hg2UZj/oElZmtULWyGIsA=="
    },
    "@types/node": {
      "version": "10.12.17",
      "resolved": "https://registry.npmjs.org/@types/node/-/node-10.12.17.tgz",
      "integrity": "sha512-umSCRkjWH70uNzFiOof5yxCqrMXIBJ9UJJUzbEsmtWt8apURQh06pylGMqnhdjHGJSeoBrhzk+mibu6NgL1oBA=="
    },
    "aws-sdk": {
      "version": "2.814.0",
      "resolved": "https://registry.npmjs.org/aws-sdk/-/aws-sdk-2.814.0.tgz",
      "integrity": "sha512-empd1m/J/MAkL6d9OeRpmg9thobULu0wk4v8W3JToaxGi2TD7PIdvE6yliZKyOVAdJINhBWEBhxR4OUIHhcGbQ==",
      "requires": {
        "buffer": "4.9.2",
        "events": "1.1.1",
        "ieee754": "1.1.13",
        "jmespath": "0.15.0",
        "querystring": "0.2.0",
        "sax": "1.2.1",
        "url": "0.10.3",
        "uuid": "3.3.2",
        "xml2js": "0.4.19"
      }
    },
    "base64-js": {
      "version": "1.5.1",
      "resolved": "https://registry.npmjs.org/base64-js/-/base64-js-1.5.1.tgz",
      "integrity": "sha512-AKpaYlHn8t4SVbOHCy+b5+KKgvR4vrsD8vbvrbiQJps7fKDTkjkDry6ji0rUJjC0kzbNePLwzxq8iypo41qeWA=="
    },
    "buffer": {
      "version": "4.9.2",
      "resolved": "http://registry.npmjs.org/buffer/-/buffer-4.9.2.tgz",
      "integrity": "sha512-xq+q3SRMOxGivLhBNaUdC64hDTQwejJ+H0T/NB1XMtTVEwNTrfFF3gAxiyW0Bu/xWEGhjVKgUcMhCrUy2+uCWg==",
      "requires": {
        "base64-js": "^1.0.2",
        "ieee754": "^1.1.4",
        "isarray": "^1.0.0"
      }
    },
    "events": {
      "version": "1.1.1",
      "resolved": "http://registry.npmjs.org/events/-/events-1.1.1.tgz",
      "integrity": "sha1-nr23Y1rQmccNzEwqH1AEKI6L2SQ="
    },
    "hoek": {
      "version": "6.1.3",
      "resolved": "https://registry.npmjs.org/hoek/-/hoek-6.1.3.tgz",
      "integrity": "sha512-YXXAAhmF9zpQbC7LEcREFtXfGq5K1fmd+4PHkBq8NUqmzW3G+Dq10bI/i0KucLRwss3YYFQ0fSfoxBZYiGUqtQ=="
    },
    "ieee754": {
      "version": "1.1.13",
      "resolved": "https://registry.npmjs.org/ieee754/-/ieee754-1.1.13.tgz",
      "integrity": "sha512-4vf7I2LYV/HaWerSo3XmlMkp5eZ83i+/CDluXi/IGTs/O1sejBNhTtnxzmRZfvOUqj7lZjqHkeTvpgSFDlWZTg=="
    },
    "isarray": {
      "version": "1.0.0",
      "resolved": "https://registry.npmjs.org/isarray/-/isarray-1.0.0.tgz",
      "integrity": "sha1-u5NdSFgsuhaMBoNJV6VKPgcSTxE="
    },
    "isemail": {
      "version": "3.2.0",
      "resolved": "https://registry.npmjs.org/isemail/-/isemail-3.2.0.tgz",
      "integrity": "sha512-zKqkK+O+dGqevc93KNsbZ/TqTUFd46MwWjYOoMrjIMZ51eU7DtQG3Wmd9SQQT7i7RVnuTPEiYEWHU3MSbxC1Tg==",
      "requires": {
        "punycode": "2.x.x"
      },
      "dependencies": {
        "punycode": {
          "version": "2.1.1",
          "resolved": "https://registry.npmjs.org/punycode/-/punycode-2.1.1.tgz",
          "integrity": "sha512-XRsRjdf+j5ml+y/6GKHPZbrF/8p2Yga0JPtdqTIY2Xe5ohJPD9saDJJLPvp9+NSBprVvevdXZybnj2cv8OEd0A=="
        }
      }
    },
    "jmespath": {
      "version": "0.15.0",
      "resolved": "https://registry.npmjs.org/jmespath/-/jmespath-0.15.0.tgz",
      "integrity": "sha1-o/Iiqarp+Wb10nx5ZRDigJF2Qhc="
    },
    "joi": {
      "version": "14.3.1",
      "resolved": "https://registry.npmjs.org/joi/-/joi-14.3.1.tgz",
      "integrity": "sha512-LQDdM+pkOrpAn4Lp+neNIFV3axv1Vna3j38bisbQhETPMANYRbFJFUyOZcOClYvM/hppMhGWuKSFEK9vjrB+bQ==",
      "requires": {
        "hoek": "6.x.x",
        "isemail": "3.x.x",
        "topo": "3.x.x"
      }
    },
    "joi-to-json-schema": {
      "version": "3.4.0",
      "resolved": "https://registry.npmjs.org/joi-to-json-schema/-/joi-to-json-schema-3.4.0.tgz",
      "integrity": "sha512-N2/ayBFR1/+mff6KEWofU6eOEYxN9hYuf4lXcZX2w9OLUS85LBUsgZ0JzGJk2ZPkrRsvAfaVSmRbtSgqtfidIA=="
    },
    "punycode": {
      "version": "1.3.2",
      "resolved": "https://registry.npmjs.org/punycode/-/punycode-1.3.2.tgz",
      "integrity": "sha1-llOgNvt8HuQjQvIyXM7v6jkmxI0="
    },
    "querystring": {
      "version": "0.2.0",
      "resolved": "https://registry.npmjs.org/querystring/-/querystring-0.2.0.tgz",
      "integrity": "sha1-sgmEkgO7Jd+CDadW50cAWHhSFiA="
    },
    "sax": {
      "version": "1.2.1",
      "resolved": "http://registry.npmjs.org/sax/-/sax-1.2.1.tgz",
      "integrity": "sha1-e45lYZCyKOgaZq6nSEgNgozS03o="
    },
    "topo": {
      "version": "3.0.3",
      "resolved": "https://registry.npmjs.org/topo/-/topo-3.0.3.tgz",
      "integrity": "sha512-IgpPtvD4kjrJ7CRA3ov2FhWQADwv+Tdqbsf1ZnPUSAtCJ9e1Z44MmoSGDXGk4IppoZA7jd/QRkNddlLJWlUZsQ==",
      "requires": {
        "hoek": "6.x.x"
      }
    },
    "tslib": {
      "version": "1.9.3",
      "resolved": "https://registry.npmjs.org/tslib/-/tslib-1.9.3.tgz",
      "integrity": "sha512-4krF8scpejhaOgqzBEcGM7yDIEfi0/8+8zDRZhNZZ2kjmHJ4hv3zCbQWxoJGz1iw5U0Jl0nma13xzHXcncMavQ=="
    },
    "url": {
      "version": "0.10.3",
      "resolved": "https://registry.npmjs.org/url/-/url-0.10.3.tgz",
      "integrity": "sha1-Ah5NnHcF8hu/N9A861h2dAJ3TGQ=",
      "requires": {
        "punycode": "1.3.2",
        "querystring": "0.2.0"
      }
    },
    "utf8-bytes": {
      "version": "0.0.1",
      "resolved": "https://registry.npmjs.org/utf8-bytes/-/utf8-bytes-0.0.1.tgz",
      "integrity": "sha1-EWsCVEjJtQAIHN+/H01sbDfYg30="
    },
    "uuid": {
      "version": "3.3.2",
      "resolved": "https://registry.npmjs.org/uuid/-/uuid-3.3.2.tgz",
      "integrity": "sha512-yXJmeNaw3DnnKAOKJE51sL/ZaYfWJRl1pK9dr19YFCu0ObS231AB1/LbqTKRAQ5kw8A90rA6fr4riOUpTZvQZA=="
    },
    "xml2js": {
      "version": "0.4.19",
      "resolved": "https://registry.npmjs.org/xml2js/-/xml2js-0.4.19.tgz",
      "integrity": "sha512-esZnJZJOiJR9wWKMyuvSE1y6Dq5LCuJanqhxslH2bxM6duahNZ+HMpCLhBQGZkbX6xRf8x1Y2eJlgt2q3qo49Q==",
      "requires": {
        "sax": ">=0.6.0",
        "xmlbuilder": "~9.0.1"
      }
    },
    "xmlbuilder": {
      "version": "9.0.7",
      "resolved": "http://registry.npmjs.org/xmlbuilder/-/xmlbuilder-9.0.7.tgz",
      "integrity": "sha1-Ey7mPS7FVlxVfiD0wi35rKaGsQ0="
    }
  }
}
