{
  "name": "@kyllikki/core",
  "version": "0.1.0",
  "lockfileVersion": 1,
  "requires": true,
  "dependencies": {
    "@types/aws-lambda": {
      "version": "8.10.16",
      "resolved": "https://registry.npmjs.org/@types/aws-lambda/-/aws-lambda-8.10.16.tgz",
      "integrity": "sha512-J+AWKl3EWzQLqzMQvR6t8hruzWDmhgPpBybf4ZW2yS7e0YHVmnn9FUm4B7oitpeBnJweUTR9BUyh5a7Fnyaivw=="
    },
    "@types/joi": {
      "version": "14.0.1",
      "resolved": "https://registry.npmjs.org/@types/joi/-/joi-14.0.1.tgz",
      "integrity": "sha512-0uZZ+nffpr480zwwUXsk0Z5O0szllffNW1EbkI+dDzKhNKhiX4QOwpwK37WpKIpaPLk9V8U9y2We/VOeD6zyhQ=="
    },
    "@types/json-schema": {
      "version": "7.0.1",
      "resolved": "https://registry.npmjs.org/@types/json-schema/-/json-schema-7.0.1.tgz",
      "integrity": "sha512-NVQEMviDWjuen3UW+mU1J6fZ0WhOfG1yRce/2OTcbaz+fgmTw2cahx6N2wh0Yl+a+hg2UZj/oElZmtULWyGIsA=="
    },
    "hoek": {
      "version": "6.1.2",
      "resolved": "https://registry.npmjs.org/hoek/-/hoek-6.1.2.tgz",
      "integrity": "sha512-6qhh/wahGYZHFSFw12tBbJw5fsAhhwrrG/y3Cs0YMTv2WzMnL0oLPnQJjv1QJvEfylRSOFuP+xCu+tdx0tD16Q=="
    },
    "isemail": {
      "version": "3.2.0",
      "resolved": "https://registry.npmjs.org/isemail/-/isemail-3.2.0.tgz",
      "integrity": "sha512-zKqkK+O+dGqevc93KNsbZ/TqTUFd46MwWjYOoMrjIMZ51eU7DtQG3Wmd9SQQT7i7RVnuTPEiYEWHU3MSbxC1Tg==",
      "requires": {
        "punycode": "2.x.x"
      }
    },
    "joi": {
      "version": "14.3.0",
      "resolved": "https://registry.npmjs.org/joi/-/joi-14.3.0.tgz",
      "integrity": "sha512-0HKd1z8MWogez4GaU0LkY1FgW30vR2Kwy414GISfCU41OYgUC2GWpNe5amsvBZtDqPtt7DohykfOOMIw1Z5hvQ==",
      "requires": {
        "hoek": "6.x.x",
        "isemail": "3.x.x",
        "topo": "3.x.x"
      }
    },
    "punycode": {
      "version": "2.1.1",
      "resolved": "https://registry.npmjs.org/punycode/-/punycode-2.1.1.tgz",
      "integrity": "sha512-XRsRjdf+j5ml+y/6GKHPZbrF/8p2Yga0JPtdqTIY2Xe5ohJPD9saDJJLPvp9+NSBprVvevdXZybnj2cv8OEd0A=="
    },
    "topo": {
      "version": "3.0.3",
      "resolved": "https://registry.npmjs.org/topo/-/topo-3.0.3.tgz",
      "integrity": "sha512-IgpPtvD4kjrJ7CRA3ov2FhWQADwv+Tdqbsf1ZnPUSAtCJ9e1Z44MmoSGDXGk4IppoZA7jd/QRkNddlLJWlUZsQ==",
      "requires": {
        "hoek": "6.x.x"
      }
    }
  }
}
